
Microsoft Visual Studio Solution File, Format Version 12.00
# Visual Studio Version 17
VisualStudioVersion = 17.11.35312.102
MinimumVisualStudioVersion = 10.0.40219.1
Project("{FAE04EC0-301F-11D3-BF4B-00C04F79EFBC}") = "API_FBM", "API_FBM\API_FBM.csproj", "{BD1C114A-8A6E-4C74-BE66-1879292C3EA4}"
EndProject
Global
	GlobalSection(SolutionConfigurationPlatforms) = preSolution
		Debug|Any CPU = Debug|Any CPU
		Release|Any CPU = Release|Any CPU
	EndGlobalSection
	GlobalSection(ProjectConfigurationPlatforms) = postSolution
		{BD1C114A-8A6E-4C74-BE66-1879292C3EA4}.Debug|Any CPU.ActiveCfg = Debug|Any CPU
		{BD1C114A-8A6E-4C74-BE66-1879292C3EA4}.Debug|Any CPU.Build.0 = Debug|Any CPU
		{BD1C114A-8A6E-4C74-BE66-1879292C3EA4}.Release|Any CPU.ActiveCfg = Release|Any CPU
		{BD1C114A-8A6E-4C74-BE66-1879292C3EA4}.Release|Any CPU.Build.0 = Release|Any CPU
	EndGlobalSection
	GlobalSection(SolutionProperties) = preSolution
		HideSolutionNode = FALSE
	EndGlobalSection
	GlobalSection(ExtensibilityGlobals) = postSolution
		SolutionGuid = {473ACA7F-B272-4D0D-B684-EA78FEB028FD}
	EndGlobalSection
EndGlobal
